
Microsoft Visual Studio Solution File, Format Version 12.00
# Visual Studio 14
VisualStudioVersion = 14.0.25029.0
MinimumVisualStudioVersion = 10.0.40219.1
Project("{2150E333-8FDC-42A3-9474-1A3956D46DE8}") = "Framework", "Framework", "{201422EC-50B8-4164-8E8D-B4CD9C3C2A9D}"
EndProject
Project("{FAE04EC0-301F-11D3-BF4B-00C04F79EFBC}") = "Tools", "TKW.Tools\Tools.csproj", "{269ED809-F99E-4275-832D-1A762EB95BE0}"
EndProject
Project("{2150E333-8FDC-42A3-9474-1A3956D46DE8}") = "Solution Items", "Solution Items", "{924614BB-F95C-4D1E-AC12-E42007520E2C}"
EndProject
Project("{2150E333-8FDC-42A3-9474-1A3956D46DE8}") = "3. Data Layer", "3. Data Layer", "{C9ED3A0B-4CBB-4783-9E06-6B877EC13DEF}"
EndProject
Project("{FAE04EC0-301F-11D3-BF4B-00C04F79EFBC}") = "Repository.Sql", "TKW.Repository.Sql\Repository.Sql.csproj", "{2581EB93-2667-4968-A5D9-33F6777859F4}"
EndProject
Project("{FAE04EC0-301F-11D3-BF4B-00C04F79EFBC}") = "Common", "TKW.Common\Common.csproj", "{A96C8403-112C-4B72-9D01-9F1390318AA9}"
EndProject
Project("{2150E333-8FDC-42A3-9474-1A3956D46DE8}") = "2. Business Layer", "2. Business Layer", "{D200FE98-4E5B-4C7C-89CC-08E4E32F91B3}"
EndProject
Project("{FAE04EC0-301F-11D3-BF4B-00C04F79EFBC}") = "BusinessObjects", "TKW.BusinessObjects\BusinessObjects.csproj", "{D8A9640D-317E-4085-BAF3-EF2D0D4635A8}"
EndProject
Project("{FAE04EC0-301F-11D3-BF4B-00C04F79EFBC}") = "Core", "TKW.Core\Core.csproj", "{1DF134FF-5CFB-476F-B08F-975581A9F957}"
EndProject
Project("{2150E333-8FDC-42A3-9474-1A3956D46DE8}") = "1. User End Layer", "1. User End Layer", "{A2B4EAE5-51E7-4AE8-98E7-56CF4CE8FC17}"
EndProject
Project("{2150E333-8FDC-42A3-9474-1A3956D46DE8}") = ".nuget", ".nuget", "{1C8CF964-C816-489E-BC29-9BA1D8ECB9E2}"
	ProjectSection(SolutionItems) = preProject
		.nuget\NuGet.Config = .nuget\NuGet.Config
		.nuget\NuGet.exe = .nuget\NuGet.exe
		.nuget\NuGet.targets = .nuget\NuGet.targets
		.nuget\packages.config = .nuget\packages.config
	EndProjectSection
EndProject
Project("{FAE04EC0-301F-11D3-BF4B-00C04F79EFBC}") = "Web.Client.Net", "Tkw.Web.Client\Web.Client.Net.csproj", "{D4FEAE13-BCA9-4D17-A830-2614ABB4B0EA}"
EndProject
Global
	GlobalSection(SolutionConfigurationPlatforms) = preSolution
		CreateDemoData|Android = CreateDemoData|Android
		CreateDemoData|Any CPU = CreateDemoData|Any CPU
		CreateDemoData|iOS = CreateDemoData|iOS
		CreateDemoData|Mixed Platforms = CreateDemoData|Mixed Platforms
		CreateDemoData|Windows Phone (Universal) = CreateDemoData|Windows Phone (Universal)
		CreateDemoData|Windows Phone 8 = CreateDemoData|Windows Phone 8
		CreateDemoData|Windows-AnyCPU = CreateDemoData|Windows-AnyCPU
		CreateDemoData|Windows-ARM = CreateDemoData|Windows-ARM
		CreateDemoData|Windows-x64 = CreateDemoData|Windows-x64
		CreateDemoData|Windows-x86 = CreateDemoData|Windows-x86
		Debug|Android = Debug|Android
		Debug|Any CPU = Debug|Any CPU
		Debug|iOS = Debug|iOS
		Debug|Mixed Platforms = Debug|Mixed Platforms
		Debug|Windows Phone (Universal) = Debug|Windows Phone (Universal)
		Debug|Windows Phone 8 = Debug|Windows Phone 8
		Debug|Windows-AnyCPU = Debug|Windows-AnyCPU
		Debug|Windows-ARM = Debug|Windows-ARM
		Debug|Windows-x64 = Debug|Windows-x64
		Debug|Windows-x86 = Debug|Windows-x86
		QA|Android = QA|Android
		QA|Any CPU = QA|Any CPU
		QA|iOS = QA|iOS
		QA|Mixed Platforms = QA|Mixed Platforms
		QA|Windows Phone (Universal) = QA|Windows Phone (Universal)
		QA|Windows Phone 8 = QA|Windows Phone 8
		QA|Windows-AnyCPU = QA|Windows-AnyCPU
		QA|Windows-ARM = QA|Windows-ARM
		QA|Windows-x64 = QA|Windows-x64
		QA|Windows-x86 = QA|Windows-x86
		Release|Android = Release|Android
		Release|Any CPU = Release|Any CPU
		Release|iOS = Release|iOS
		Release|Mixed Platforms = Release|Mixed Platforms
		Release|Windows Phone (Universal) = Release|Windows Phone (Universal)
		Release|Windows Phone 8 = Release|Windows Phone 8
		Release|Windows-AnyCPU = Release|Windows-AnyCPU
		Release|Windows-ARM = Release|Windows-ARM
		Release|Windows-x64 = Release|Windows-x64
		Release|Windows-x86 = Release|Windows-x86
	EndGlobalSection
	GlobalSection(ProjectConfigurationPlatforms) = postSolution
		{269ED809-F99E-4275-832D-1A762EB95BE0}.CreateDemoData|Android.ActiveCfg = Create Demo Data|Any CPU
		{269ED809-F99E-4275-832D-1A762EB95BE0}.CreateDemoData|Android.Build.0 = Create Demo Data|Any CPU
		{269ED809-F99E-4275-832D-1A762EB95BE0}.CreateDemoData|Any CPU.ActiveCfg = Create Demo Data|Any CPU
		{269ED809-F99E-4275-832D-1A762EB95BE0}.CreateDemoData|Any CPU.Build.0 = Create Demo Data|Any CPU
		{269ED809-F99E-4275-832D-1A762EB95BE0}.CreateDemoData|iOS.ActiveCfg = Create Demo Data|Any CPU
		{269ED809-F99E-4275-832D-1A762EB95BE0}.CreateDemoData|iOS.Build.0 = Create Demo Data|Any CPU
		{269ED809-F99E-4275-832D-1A762EB95BE0}.CreateDemoData|Mixed Platforms.ActiveCfg = Create Demo Data|Any CPU
		{269ED809-F99E-4275-832D-1A762EB95BE0}.CreateDemoData|Mixed Platforms.Build.0 = Create Demo Data|Any CPU
		{269ED809-F99E-4275-832D-1A762EB95BE0}.CreateDemoData|Windows Phone (Universal).ActiveCfg = Create Demo Data|Any CPU
		{269ED809-F99E-4275-832D-1A762EB95BE0}.CreateDemoData|Windows Phone (Universal).Build.0 = Create Demo Data|Any CPU
		{269ED809-F99E-4275-832D-1A762EB95BE0}.CreateDemoData|Windows Phone 8.ActiveCfg = Create Demo Data|Any CPU
		{269ED809-F99E-4275-832D-1A762EB95BE0}.CreateDemoData|Windows Phone 8.Build.0 = Create Demo Data|Any CPU
		{269ED809-F99E-4275-832D-1A762EB95BE0}.CreateDemoData|Windows-AnyCPU.ActiveCfg = Create Demo Data|Any CPU
		{269ED809-F99E-4275-832D-1A762EB95BE0}.CreateDemoData|Windows-AnyCPU.Build.0 = Create Demo Data|Any CPU
		{269ED809-F99E-4275-832D-1A762EB95BE0}.CreateDemoData|Windows-ARM.ActiveCfg = Create Demo Data|Any CPU
		{269ED809-F99E-4275-832D-1A762EB95BE0}.CreateDemoData|Windows-ARM.Build.0 = Create Demo Data|Any CPU
		{269ED809-F99E-4275-832D-1A762EB95BE0}.CreateDemoData|Windows-x64.ActiveCfg = Create Demo Data|Any CPU
		{269ED809-F99E-4275-832D-1A762EB95BE0}.CreateDemoData|Windows-x64.Build.0 = Create Demo Data|Any CPU
		{269ED809-F99E-4275-832D-1A762EB95BE0}.CreateDemoData|Windows-x86.ActiveCfg = Create Demo Data|Any CPU
		{269ED809-F99E-4275-832D-1A762EB95BE0}.CreateDemoData|Windows-x86.Build.0 = Create Demo Data|Any CPU
		{269ED809-F99E-4275-832D-1A762EB95BE0}.Debug|Android.ActiveCfg = Debug|Any CPU
		{269ED809-F99E-4275-832D-1A762EB95BE0}.Debug|Any CPU.ActiveCfg = Debug|Any CPU
		{269ED809-F99E-4275-832D-1A762EB95BE0}.Debug|Any CPU.Build.0 = Debug|Any CPU
		{269ED809-F99E-4275-832D-1A762EB95BE0}.Debug|iOS.ActiveCfg = Debug|Any CPU
		{269ED809-F99E-4275-832D-1A762EB95BE0}.Debug|Mixed Platforms.ActiveCfg = Debug|Any CPU
		{269ED809-F99E-4275-832D-1A762EB95BE0}.Debug|Mixed Platforms.Build.0 = Debug|Any CPU
		{269ED809-F99E-4275-832D-1A762EB95BE0}.Debug|Windows Phone (Universal).ActiveCfg = Debug|Any CPU
		{269ED809-F99E-4275-832D-1A762EB95BE0}.Debug|Windows Phone 8.ActiveCfg = Debug|Any CPU
		{269ED809-F99E-4275-832D-1A762EB95BE0}.Debug|Windows-AnyCPU.ActiveCfg = Debug|Any CPU
		{269ED809-F99E-4275-832D-1A762EB95BE0}.Debug|Windows-ARM.ActiveCfg = Debug|Any CPU
		{269ED809-F99E-4275-832D-1A762EB95BE0}.Debug|Windows-x64.ActiveCfg = Debug|Any CPU
		{269ED809-F99E-4275-832D-1A762EB95BE0}.Debug|Windows-x86.ActiveCfg = Debug|Any CPU
		{269ED809-F99E-4275-832D-1A762EB95BE0}.QA|Android.ActiveCfg = QA|Any CPU
		{269ED809-F99E-4275-832D-1A762EB95BE0}.QA|Android.Build.0 = QA|Any CPU
		{269ED809-F99E-4275-832D-1A762EB95BE0}.QA|Any CPU.ActiveCfg = QA|Any CPU
		{269ED809-F99E-4275-832D-1A762EB95BE0}.QA|iOS.ActiveCfg = QA|Any CPU
		{269ED809-F99E-4275-832D-1A762EB95BE0}.QA|iOS.Build.0 = QA|Any CPU
		{269ED809-F99E-4275-832D-1A762EB95BE0}.QA|Mixed Platforms.ActiveCfg = QA|Any CPU
		{269ED809-F99E-4275-832D-1A762EB95BE0}.QA|Mixed Platforms.Build.0 = QA|Any CPU
		{269ED809-F99E-4275-832D-1A762EB95BE0}.QA|Windows Phone (Universal).ActiveCfg = QA|Any CPU
		{269ED809-F99E-4275-832D-1A762EB95BE0}.QA|Windows Phone (Universal).Build.0 = QA|Any CPU
		{269ED809-F99E-4275-832D-1A762EB95BE0}.QA|Windows Phone 8.ActiveCfg = QA|Any CPU
		{269ED809-F99E-4275-832D-1A762EB95BE0}.QA|Windows Phone 8.Build.0 = QA|Any CPU
		{269ED809-F99E-4275-832D-1A762EB95BE0}.QA|Windows-AnyCPU.ActiveCfg = QA|Any CPU
		{269ED809-F99E-4275-832D-1A762EB95BE0}.QA|Windows-AnyCPU.Build.0 = QA|Any CPU
		{269ED809-F99E-4275-832D-1A762EB95BE0}.QA|Windows-ARM.ActiveCfg = QA|Any CPU
		{269ED809-F99E-4275-832D-1A762EB95BE0}.QA|Windows-ARM.Build.0 = QA|Any CPU
		{269ED809-F99E-4275-832D-1A762EB95BE0}.QA|Windows-x64.ActiveCfg = QA|Any CPU
		{269ED809-F99E-4275-832D-1A762EB95BE0}.QA|Windows-x64.Build.0 = QA|Any CPU
		{269ED809-F99E-4275-832D-1A762EB95BE0}.QA|Windows-x86.ActiveCfg = QA|Any CPU
		{269ED809-F99E-4275-832D-1A762EB95BE0}.QA|Windows-x86.Build.0 = QA|Any CPU
		{269ED809-F99E-4275-832D-1A762EB95BE0}.Release|Android.ActiveCfg = Release|Any CPU
		{269ED809-F99E-4275-832D-1A762EB95BE0}.Release|Any CPU.ActiveCfg = Release|Any CPU
		{269ED809-F99E-4275-832D-1A762EB95BE0}.Release|Any CPU.Build.0 = Release|Any CPU
		{269ED809-F99E-4275-832D-1A762EB95BE0}.Release|iOS.ActiveCfg = Release|Any CPU
		{269ED809-F99E-4275-832D-1A762EB95BE0}.Release|Mixed Platforms.ActiveCfg = Release|Any CPU
		{269ED809-F99E-4275-832D-1A762EB95BE0}.Release|Mixed Platforms.Build.0 = Release|Any CPU
		{269ED809-F99E-4275-832D-1A762EB95BE0}.Release|Windows Phone (Universal).ActiveCfg = Release|Any CPU
		{269ED809-F99E-4275-832D-1A762EB95BE0}.Release|Windows Phone 8.ActiveCfg = Release|Any CPU
		{269ED809-F99E-4275-832D-1A762EB95BE0}.Release|Windows-AnyCPU.ActiveCfg = Release|Any CPU
		{269ED809-F99E-4275-832D-1A762EB95BE0}.Release|Windows-ARM.ActiveCfg = Release|Any CPU
		{269ED809-F99E-4275-832D-1A762EB95BE0}.Release|Windows-x64.ActiveCfg = Release|Any CPU
		{269ED809-F99E-4275-832D-1A762EB95BE0}.Release|Windows-x86.ActiveCfg = Release|Any CPU
		{2581EB93-2667-4968-A5D9-33F6777859F4}.CreateDemoData|Android.ActiveCfg = Create Demo Data|Any CPU
		{2581EB93-2667-4968-A5D9-33F6777859F4}.CreateDemoData|Android.Build.0 = Create Demo Data|Any CPU
		{2581EB93-2667-4968-A5D9-33F6777859F4}.CreateDemoData|Any CPU.ActiveCfg = Create Demo Data|Any CPU
		{2581EB93-2667-4968-A5D9-33F6777859F4}.CreateDemoData|Any CPU.Build.0 = Create Demo Data|Any CPU
		{2581EB93-2667-4968-A5D9-33F6777859F4}.CreateDemoData|iOS.ActiveCfg = Create Demo Data|Any CPU
		{2581EB93-2667-4968-A5D9-33F6777859F4}.CreateDemoData|iOS.Build.0 = Create Demo Data|Any CPU
		{2581EB93-2667-4968-A5D9-33F6777859F4}.CreateDemoData|Mixed Platforms.ActiveCfg = Create Demo Data|Any CPU
		{2581EB93-2667-4968-A5D9-33F6777859F4}.CreateDemoData|Mixed Platforms.Build.0 = Create Demo Data|Any CPU
		{2581EB93-2667-4968-A5D9-33F6777859F4}.CreateDemoData|Windows Phone (Universal).ActiveCfg = Create Demo Data|Any CPU
		{2581EB93-2667-4968-A5D9-33F6777859F4}.CreateDemoData|Windows Phone (Universal).Build.0 = Create Demo Data|Any CPU
		{2581EB93-2667-4968-A5D9-33F6777859F4}.CreateDemoData|Windows Phone 8.ActiveCfg = Create Demo Data|Any CPU
		{2581EB93-2667-4968-A5D9-33F6777859F4}.CreateDemoData|Windows Phone 8.Build.0 = Create Demo Data|Any CPU
		{2581EB93-2667-4968-A5D9-33F6777859F4}.CreateDemoData|Windows-AnyCPU.ActiveCfg = Create Demo Data|Any CPU
		{2581EB93-2667-4968-A5D9-33F6777859F4}.CreateDemoData|Windows-AnyCPU.Build.0 = Create Demo Data|Any CPU
		{2581EB93-2667-4968-A5D9-33F6777859F4}.CreateDemoData|Windows-ARM.ActiveCfg = Create Demo Data|Any CPU
		{2581EB93-2667-4968-A5D9-33F6777859F4}.CreateDemoData|Windows-ARM.Build.0 = Create Demo Data|Any CPU
		{2581EB93-2667-4968-A5D9-33F6777859F4}.CreateDemoData|Windows-x64.ActiveCfg = Create Demo Data|Any CPU
		{2581EB93-2667-4968-A5D9-33F6777859F4}.CreateDemoData|Windows-x64.Build.0 = Create Demo Data|Any CPU
		{2581EB93-2667-4968-A5D9-33F6777859F4}.CreateDemoData|Windows-x86.ActiveCfg = Create Demo Data|Any CPU
		{2581EB93-2667-4968-A5D9-33F6777859F4}.CreateDemoData|Windows-x86.Build.0 = Create Demo Data|Any CPU
		{2581EB93-2667-4968-A5D9-33F6777859F4}.Debug|Android.ActiveCfg = Debug|Any CPU
		{2581EB93-2667-4968-A5D9-33F6777859F4}.Debug|Any CPU.ActiveCfg = Debug|Any CPU
		{2581EB93-2667-4968-A5D9-33F6777859F4}.Debug|Any CPU.Build.0 = Debug|Any CPU
		{2581EB93-2667-4968-A5D9-33F6777859F4}.Debug|iOS.ActiveCfg = Debug|Any CPU
		{2581EB93-2667-4968-A5D9-33F6777859F4}.Debug|Mixed Platforms.ActiveCfg = Debug|Any CPU
		{2581EB93-2667-4968-A5D9-33F6777859F4}.Debug|Mixed Platforms.Build.0 = Debug|Any CPU
		{2581EB93-2667-4968-A5D9-33F6777859F4}.Debug|Windows Phone (Universal).ActiveCfg = Debug|Any CPU
		{2581EB93-2667-4968-A5D9-33F6777859F4}.Debug|Windows Phone 8.ActiveCfg = Debug|Any CPU
		{2581EB93-2667-4968-A5D9-33F6777859F4}.Debug|Windows-AnyCPU.ActiveCfg = Debug|Any CPU
		{2581EB93-2667-4968-A5D9-33F6777859F4}.Debug|Windows-ARM.ActiveCfg = Debug|Any CPU
		{2581EB93-2667-4968-A5D9-33F6777859F4}.Debug|Windows-x64.ActiveCfg = Debug|Any CPU
		{2581EB93-2667-4968-A5D9-33F6777859F4}.Debug|Windows-x86.ActiveCfg = Debug|Any CPU
		{2581EB93-2667-4968-A5D9-33F6777859F4}.QA|Android.ActiveCfg = QA|Any CPU
		{2581EB93-2667-4968-A5D9-33F6777859F4}.QA|Android.Build.0 = QA|Any CPU
		{2581EB93-2667-4968-A5D9-33F6777859F4}.QA|Any CPU.ActiveCfg = QA|Any CPU
		{2581EB93-2667-4968-A5D9-33F6777859F4}.QA|iOS.ActiveCfg = QA|Any CPU
		{2581EB93-2667-4968-A5D9-33F6777859F4}.QA|iOS.Build.0 = QA|Any CPU
		{2581EB93-2667-4968-A5D9-33F6777859F4}.QA|Mixed Platforms.ActiveCfg = QA|Any CPU
		{2581EB93-2667-4968-A5D9-33F6777859F4}.QA|Mixed Platforms.Build.0 = QA|Any CPU
		{2581EB93-2667-4968-A5D9-33F6777859F4}.QA|Windows Phone (Universal).ActiveCfg = QA|Any CPU
		{2581EB93-2667-4968-A5D9-33F6777859F4}.QA|Windows Phone (Universal).Build.0 = QA|Any CPU
		{2581EB93-2667-4968-A5D9-33F6777859F4}.QA|Windows Phone 8.ActiveCfg = QA|Any CPU
		{2581EB93-2667-4968-A5D9-33F6777859F4}.QA|Windows Phone 8.Build.0 = QA|Any CPU
		{2581EB93-2667-4968-A5D9-33F6777859F4}.QA|Windows-AnyCPU.ActiveCfg = QA|Any CPU
		{2581EB93-2667-4968-A5D9-33F6777859F4}.QA|Windows-AnyCPU.Build.0 = QA|Any CPU
		{2581EB93-2667-4968-A5D9-33F6777859F4}.QA|Windows-ARM.ActiveCfg = QA|Any CPU
		{2581EB93-2667-4968-A5D9-33F6777859F4}.QA|Windows-ARM.Build.0 = QA|Any CPU
		{2581EB93-2667-4968-A5D9-33F6777859F4}.QA|Windows-x64.ActiveCfg = QA|Any CPU
		{2581EB93-2667-4968-A5D9-33F6777859F4}.QA|Windows-x64.Build.0 = QA|Any CPU
		{2581EB93-2667-4968-A5D9-33F6777859F4}.QA|Windows-x86.ActiveCfg = QA|Any CPU
		{2581EB93-2667-4968-A5D9-33F6777859F4}.QA|Windows-x86.Build.0 = QA|Any CPU
		{2581EB93-2667-4968-A5D9-33F6777859F4}.Release|Android.ActiveCfg = Release|Any CPU
		{2581EB93-2667-4968-A5D9-33F6777859F4}.Release|Any CPU.ActiveCfg = Release|Any CPU
		{2581EB93-2667-4968-A5D9-33F6777859F4}.Release|Any CPU.Build.0 = Release|Any CPU
		{2581EB93-2667-4968-A5D9-33F6777859F4}.Release|iOS.ActiveCfg = Release|Any CPU
		{2581EB93-2667-4968-A5D9-33F6777859F4}.Release|Mixed Platforms.ActiveCfg = Release|Any CPU
		{2581EB93-2667-4968-A5D9-33F6777859F4}.Release|Mixed Platforms.Build.0 = Release|Any CPU
		{2581EB93-2667-4968-A5D9-33F6777859F4}.Release|Windows Phone (Universal).ActiveCfg = Release|Any CPU
		{2581EB93-2667-4968-A5D9-33F6777859F4}.Release|Windows Phone 8.ActiveCfg = Release|Any CPU
		{2581EB93-2667-4968-A5D9-33F6777859F4}.Release|Windows-AnyCPU.ActiveCfg = Release|Any CPU
		{2581EB93-2667-4968-A5D9-33F6777859F4}.Release|Windows-ARM.ActiveCfg = Release|Any CPU
		{2581EB93-2667-4968-A5D9-33F6777859F4}.Release|Windows-x64.ActiveCfg = Release|Any CPU
		{2581EB93-2667-4968-A5D9-33F6777859F4}.Release|Windows-x86.ActiveCfg = Release|Any CPU
		{A96C8403-112C-4B72-9D01-9F1390318AA9}.CreateDemoData|Android.ActiveCfg = Create Demo Data|Any CPU
		{A96C8403-112C-4B72-9D01-9F1390318AA9}.CreateDemoData|Android.Build.0 = Create Demo Data|Any CPU
		{A96C8403-112C-4B72-9D01-9F1390318AA9}.CreateDemoData|Any CPU.ActiveCfg = Create Demo Data|Any CPU
		{A96C8403-112C-4B72-9D01-9F1390318AA9}.CreateDemoData|Any CPU.Build.0 = Create Demo Data|Any CPU
		{A96C8403-112C-4B72-9D01-9F1390318AA9}.CreateDemoData|iOS.ActiveCfg = Create Demo Data|Any CPU
		{A96C8403-112C-4B72-9D01-9F1390318AA9}.CreateDemoData|iOS.Build.0 = Create Demo Data|Any CPU
		{A96C8403-112C-4B72-9D01-9F1390318AA9}.CreateDemoData|Mixed Platforms.ActiveCfg = Create Demo Data|Any CPU
		{A96C8403-112C-4B72-9D01-9F1390318AA9}.CreateDemoData|Mixed Platforms.Build.0 = Create Demo Data|Any CPU
		{A96C8403-112C-4B72-9D01-9F1390318AA9}.CreateDemoData|Windows Phone (Universal).ActiveCfg = Create Demo Data|Any CPU
		{A96C8403-112C-4B72-9D01-9F1390318AA9}.CreateDemoData|Windows Phone (Universal).Build.0 = Create Demo Data|Any CPU
		{A96C8403-112C-4B72-9D01-9F1390318AA9}.CreateDemoData|Windows Phone 8.ActiveCfg = Create Demo Data|Any CPU
		{A96C8403-112C-4B72-9D01-9F1390318AA9}.CreateDemoData|Windows Phone 8.Build.0 = Create Demo Data|Any CPU
		{A96C8403-112C-4B72-9D01-9F1390318AA9}.CreateDemoData|Windows-AnyCPU.ActiveCfg = Create Demo Data|Any CPU
		{A96C8403-112C-4B72-9D01-9F1390318AA9}.CreateDemoData|Windows-AnyCPU.Build.0 = Create Demo Data|Any CPU
		{A96C8403-112C-4B72-9D01-9F1390318AA9}.CreateDemoData|Windows-ARM.ActiveCfg = Create Demo Data|Any CPU
		{A96C8403-112C-4B72-9D01-9F1390318AA9}.CreateDemoData|Windows-ARM.Build.0 = Create Demo Data|Any CPU
		{A96C8403-112C-4B72-9D01-9F1390318AA9}.CreateDemoData|Windows-x64.ActiveCfg = Create Demo Data|Any CPU
		{A96C8403-112C-4B72-9D01-9F1390318AA9}.CreateDemoData|Windows-x64.Build.0 = Create Demo Data|Any CPU
		{A96C8403-112C-4B72-9D01-9F1390318AA9}.CreateDemoData|Windows-x86.ActiveCfg = Create Demo Data|Any CPU
		{A96C8403-112C-4B72-9D01-9F1390318AA9}.CreateDemoData|Windows-x86.Build.0 = Create Demo Data|Any CPU
		{A96C8403-112C-4B72-9D01-9F1390318AA9}.Debug|Android.ActiveCfg = Debug|Any CPU
		{A96C8403-112C-4B72-9D01-9F1390318AA9}.Debug|Any CPU.ActiveCfg = Debug|Any CPU
		{A96C8403-112C-4B72-9D01-9F1390318AA9}.Debug|Any CPU.Build.0 = Debug|Any CPU
		{A96C8403-112C-4B72-9D01-9F1390318AA9}.Debug|iOS.ActiveCfg = Debug|Any CPU
		{A96C8403-112C-4B72-9D01-9F1390318AA9}.Debug|Mixed Platforms.ActiveCfg = Debug|Any CPU
		{A96C8403-112C-4B72-9D01-9F1390318AA9}.Debug|Mixed Platforms.Build.0 = Debug|Any CPU
		{A96C8403-112C-4B72-9D01-9F1390318AA9}.Debug|Windows Phone (Universal).ActiveCfg = Debug|Any CPU
		{A96C8403-112C-4B72-9D01-9F1390318AA9}.Debug|Windows Phone 8.ActiveCfg = Debug|Any CPU
		{A96C8403-112C-4B72-9D01-9F1390318AA9}.Debug|Windows-AnyCPU.ActiveCfg = Debug|Any CPU
		{A96C8403-112C-4B72-9D01-9F1390318AA9}.Debug|Windows-ARM.ActiveCfg = Debug|Any CPU
		{A96C8403-112C-4B72-9D01-9F1390318AA9}.Debug|Windows-x64.ActiveCfg = Debug|Any CPU
		{A96C8403-112C-4B72-9D01-9F1390318AA9}.Debug|Windows-x86.ActiveCfg = Debug|Any CPU
		{A96C8403-112C-4B72-9D01-9F1390318AA9}.QA|Android.ActiveCfg = QA|Any CPU
		{A96C8403-112C-4B72-9D01-9F1390318AA9}.QA|Android.Build.0 = QA|Any CPU
		{A96C8403-112C-4B72-9D01-9F1390318AA9}.QA|Any CPU.ActiveCfg = QA|Any CPU
		{A96C8403-112C-4B72-9D01-9F1390318AA9}.QA|iOS.ActiveCfg = QA|Any CPU
		{A96C8403-112C-4B72-9D01-9F1390318AA9}.QA|iOS.Build.0 = QA|Any CPU
		{A96C8403-112C-4B72-9D01-9F1390318AA9}.QA|Mixed Platforms.ActiveCfg = QA|Any CPU
		{A96C8403-112C-4B72-9D01-9F1390318AA9}.QA|Mixed Platforms.Build.0 = QA|Any CPU
		{A96C8403-112C-4B72-9D01-9F1390318AA9}.QA|Windows Phone (Universal).ActiveCfg = QA|Any CPU
		{A96C8403-112C-4B72-9D01-9F1390318AA9}.QA|Windows Phone (Universal).Build.0 = QA|Any CPU
		{A96C8403-112C-4B72-9D01-9F1390318AA9}.QA|Windows Phone 8.ActiveCfg = QA|Any CPU
		{A96C8403-112C-4B72-9D01-9F1390318AA9}.QA|Windows Phone 8.Build.0 = QA|Any CPU
		{A96C8403-112C-4B72-9D01-9F1390318AA9}.QA|Windows-AnyCPU.ActiveCfg = QA|Any CPU
		{A96C8403-112C-4B72-9D01-9F1390318AA9}.QA|Windows-AnyCPU.Build.0 = QA|Any CPU
		{A96C8403-112C-4B72-9D01-9F1390318AA9}.QA|Windows-ARM.ActiveCfg = QA|Any CPU
		{A96C8403-112C-4B72-9D01-9F1390318AA9}.QA|Windows-ARM.Build.0 = QA|Any CPU
		{A96C8403-112C-4B72-9D01-9F1390318AA9}.QA|Windows-x64.ActiveCfg = QA|Any CPU
		{A96C8403-112C-4B72-9D01-9F1390318AA9}.QA|Windows-x64.Build.0 = QA|Any CPU
		{A96C8403-112C-4B72-9D01-9F1390318AA9}.QA|Windows-x86.ActiveCfg = QA|Any CPU
		{A96C8403-112C-4B72-9D01-9F1390318AA9}.QA|Windows-x86.Build.0 = QA|Any CPU
		{A96C8403-112C-4B72-9D01-9F1390318AA9}.Release|Android.ActiveCfg = Release|Any CPU
		{A96C8403-112C-4B72-9D01-9F1390318AA9}.Release|Any CPU.ActiveCfg = Release|Any CPU
		{A96C8403-112C-4B72-9D01-9F1390318AA9}.Release|Any CPU.Build.0 = Release|Any CPU
		{A96C8403-112C-4B72-9D01-9F1390318AA9}.Release|iOS.ActiveCfg = Release|Any CPU
		{A96C8403-112C-4B72-9D01-9F1390318AA9}.Release|Mixed Platforms.ActiveCfg = Release|Any CPU
		{A96C8403-112C-4B72-9D01-9F1390318AA9}.Release|Mixed Platforms.Build.0 = Release|Any CPU
		{A96C8403-112C-4B72-9D01-9F1390318AA9}.Release|Windows Phone (Universal).ActiveCfg = Release|Any CPU
		{A96C8403-112C-4B72-9D01-9F1390318AA9}.Release|Windows Phone 8.ActiveCfg = Release|Any CPU
		{A96C8403-112C-4B72-9D01-9F1390318AA9}.Release|Windows-AnyCPU.ActiveCfg = Release|Any CPU
		{A96C8403-112C-4B72-9D01-9F1390318AA9}.Release|Windows-ARM.ActiveCfg = Release|Any CPU
		{A96C8403-112C-4B72-9D01-9F1390318AA9}.Release|Windows-x64.ActiveCfg = Release|Any CPU
		{A96C8403-112C-4B72-9D01-9F1390318AA9}.Release|Windows-x86.ActiveCfg = Release|Any CPU
		{D8A9640D-317E-4085-BAF3-EF2D0D4635A8}.CreateDemoData|Android.ActiveCfg = Create Demo Data|Any CPU
		{D8A9640D-317E-4085-BAF3-EF2D0D4635A8}.CreateDemoData|Android.Build.0 = Create Demo Data|Any CPU
		{D8A9640D-317E-4085-BAF3-EF2D0D4635A8}.CreateDemoData|Any CPU.ActiveCfg = Create Demo Data|Any CPU
		{D8A9640D-317E-4085-BAF3-EF2D0D4635A8}.CreateDemoData|Any CPU.Build.0 = Create Demo Data|Any CPU
		{D8A9640D-317E-4085-BAF3-EF2D0D4635A8}.CreateDemoData|iOS.ActiveCfg = Create Demo Data|Any CPU
		{D8A9640D-317E-4085-BAF3-EF2D0D4635A8}.CreateDemoData|iOS.Build.0 = Create Demo Data|Any CPU
		{D8A9640D-317E-4085-BAF3-EF2D0D4635A8}.CreateDemoData|Mixed Platforms.ActiveCfg = Create Demo Data|Any CPU
		{D8A9640D-317E-4085-BAF3-EF2D0D4635A8}.CreateDemoData|Mixed Platforms.Build.0 = Create Demo Data|Any CPU
		{D8A9640D-317E-4085-BAF3-EF2D0D4635A8}.CreateDemoData|Windows Phone (Universal).ActiveCfg = Create Demo Data|Any CPU
		{D8A9640D-317E-4085-BAF3-EF2D0D4635A8}.CreateDemoData|Windows Phone (Universal).Build.0 = Create Demo Data|Any CPU
		{D8A9640D-317E-4085-BAF3-EF2D0D4635A8}.CreateDemoData|Windows Phone 8.ActiveCfg = Create Demo Data|Any CPU
		{D8A9640D-317E-4085-BAF3-EF2D0D4635A8}.CreateDemoData|Windows Phone 8.Build.0 = Create Demo Data|Any CPU
		{D8A9640D-317E-4085-BAF3-EF2D0D4635A8}.CreateDemoData|Windows-AnyCPU.ActiveCfg = Create Demo Data|Any CPU
		{D8A9640D-317E-4085-BAF3-EF2D0D4635A8}.CreateDemoData|Windows-AnyCPU.Build.0 = Create Demo Data|Any CPU
		{D8A9640D-317E-4085-BAF3-EF2D0D4635A8}.CreateDemoData|Windows-ARM.ActiveCfg = Create Demo Data|Any CPU
		{D8A9640D-317E-4085-BAF3-EF2D0D4635A8}.CreateDemoData|Windows-ARM.Build.0 = Create Demo Data|Any CPU
		{D8A9640D-317E-4085-BAF3-EF2D0D4635A8}.CreateDemoData|Windows-x64.ActiveCfg = Create Demo Data|Any CPU
		{D8A9640D-317E-4085-BAF3-EF2D0D4635A8}.CreateDemoData|Windows-x64.Build.0 = Create Demo Data|Any CPU
		{D8A9640D-317E-4085-BAF3-EF2D0D4635A8}.CreateDemoData|Windows-x86.ActiveCfg = Create Demo Data|Any CPU
		{D8A9640D-317E-4085-BAF3-EF2D0D4635A8}.CreateDemoData|Windows-x86.Build.0 = Create Demo Data|Any CPU
		{D8A9640D-317E-4085-BAF3-EF2D0D4635A8}.Debug|Android.ActiveCfg = Debug|Any CPU
		{D8A9640D-317E-4085-BAF3-EF2D0D4635A8}.Debug|Any CPU.ActiveCfg = Debug|Any CPU
		{D8A9640D-317E-4085-BAF3-EF2D0D4635A8}.Debug|Any CPU.Build.0 = Debug|Any CPU
		{D8A9640D-317E-4085-BAF3-EF2D0D4635A8}.Debug|iOS.ActiveCfg = Debug|Any CPU
		{D8A9640D-317E-4085-BAF3-EF2D0D4635A8}.Debug|Mixed Platforms.ActiveCfg = Debug|Any CPU
		{D8A9640D-317E-4085-BAF3-EF2D0D4635A8}.Debug|Mixed Platforms.Build.0 = Debug|Any CPU
		{D8A9640D-317E-4085-BAF3-EF2D0D4635A8}.Debug|Windows Phone (Universal).ActiveCfg = Debug|Any CPU
		{D8A9640D-317E-4085-BAF3-EF2D0D4635A8}.Debug|Windows Phone 8.ActiveCfg = Debug|Any CPU
		{D8A9640D-317E-4085-BAF3-EF2D0D4635A8}.Debug|Windows-AnyCPU.ActiveCfg = Debug|Any CPU
		{D8A9640D-317E-4085-BAF3-EF2D0D4635A8}.Debug|Windows-ARM.ActiveCfg = Debug|Any CPU
		{D8A9640D-317E-4085-BAF3-EF2D0D4635A8}.Debug|Windows-x64.ActiveCfg = Debug|Any CPU
		{D8A9640D-317E-4085-BAF3-EF2D0D4635A8}.Debug|Windows-x86.ActiveCfg = Debug|Any CPU
		{D8A9640D-317E-4085-BAF3-EF2D0D4635A8}.QA|Android.ActiveCfg = QA|Any CPU
		{D8A9640D-317E-4085-BAF3-EF2D0D4635A8}.QA|Android.Build.0 = QA|Any CPU
		{D8A9640D-317E-4085-BAF3-EF2D0D4635A8}.QA|Any CPU.ActiveCfg = QA|Any CPU
		{D8A9640D-317E-4085-BAF3-EF2D0D4635A8}.QA|iOS.ActiveCfg = QA|Any CPU
		{D8A9640D-317E-4085-BAF3-EF2D0D4635A8}.QA|iOS.Build.0 = QA|Any CPU
		{D8A9640D-317E-4085-BAF3-EF2D0D4635A8}.QA|Mixed Platforms.ActiveCfg = QA|Any CPU
		{D8A9640D-317E-4085-BAF3-EF2D0D4635A8}.QA|Mixed Platforms.Build.0 = QA|Any CPU
		{D8A9640D-317E-4085-BAF3-EF2D0D4635A8}.QA|Windows Phone (Universal).ActiveCfg = QA|Any CPU
		{D8A9640D-317E-4085-BAF3-EF2D0D4635A8}.QA|Windows Phone (Universal).Build.0 = QA|Any CPU
		{D8A9640D-317E-4085-BAF3-EF2D0D4635A8}.QA|Windows Phone 8.ActiveCfg = QA|Any CPU
		{D8A9640D-317E-4085-BAF3-EF2D0D4635A8}.QA|Windows Phone 8.Build.0 = QA|Any CPU
		{D8A9640D-317E-4085-BAF3-EF2D0D4635A8}.QA|Windows-AnyCPU.ActiveCfg = QA|Any CPU
		{D8A9640D-317E-4085-BAF3-EF2D0D4635A8}.QA|Windows-AnyCPU.Build.0 = QA|Any CPU
		{D8A9640D-317E-4085-BAF3-EF2D0D4635A8}.QA|Windows-ARM.ActiveCfg = QA|Any CPU
		{D8A9640D-317E-4085-BAF3-EF2D0D4635A8}.QA|Windows-ARM.Build.0 = QA|Any CPU
		{D8A9640D-317E-4085-BAF3-EF2D0D4635A8}.QA|Windows-x64.ActiveCfg = QA|Any CPU
		{D8A9640D-317E-4085-BAF3-EF2D0D4635A8}.QA|Windows-x64.Build.0 = QA|Any CPU
		{D8A9640D-317E-4085-BAF3-EF2D0D4635A8}.QA|Windows-x86.ActiveCfg = QA|Any CPU
		{D8A9640D-317E-4085-BAF3-EF2D0D4635A8}.QA|Windows-x86.Build.0 = QA|Any CPU
		{D8A9640D-317E-4085-BAF3-EF2D0D4635A8}.Release|Android.ActiveCfg = Release|Any CPU
		{D8A9640D-317E-4085-BAF3-EF2D0D4635A8}.Release|Any CPU.ActiveCfg = Release|Any CPU
		{D8A9640D-317E-4085-BAF3-EF2D0D4635A8}.Release|Any CPU.Build.0 = Release|Any CPU
		{D8A9640D-317E-4085-BAF3-EF2D0D4635A8}.Release|iOS.ActiveCfg = Release|Any CPU
		{D8A9640D-317E-4085-BAF3-EF2D0D4635A8}.Release|Mixed Platforms.ActiveCfg = Release|Any CPU
		{D8A9640D-317E-4085-BAF3-EF2D0D4635A8}.Release|Mixed Platforms.Build.0 = Release|Any CPU
		{D8A9640D-317E-4085-BAF3-EF2D0D4635A8}.Release|Windows Phone (Universal).ActiveCfg = Release|Any CPU
		{D8A9640D-317E-4085-BAF3-EF2D0D4635A8}.Release|Windows Phone 8.ActiveCfg = Release|Any CPU
		{D8A9640D-317E-4085-BAF3-EF2D0D4635A8}.Release|Windows-AnyCPU.ActiveCfg = Release|Any CPU
		{D8A9640D-317E-4085-BAF3-EF2D0D4635A8}.Release|Windows-ARM.ActiveCfg = Release|Any CPU
		{D8A9640D-317E-4085-BAF3-EF2D0D4635A8}.Release|Windows-x64.ActiveCfg = Release|Any CPU
		{D8A9640D-317E-4085-BAF3-EF2D0D4635A8}.Release|Windows-x86.ActiveCfg = Release|Any CPU
		{1DF134FF-5CFB-476F-B08F-975581A9F957}.CreateDemoData|Android.ActiveCfg = Create Demo Data|Any CPU
		{1DF134FF-5CFB-476F-B08F-975581A9F957}.CreateDemoData|Android.Build.0 = Create Demo Data|Any CPU
		{1DF134FF-5CFB-476F-B08F-975581A9F957}.CreateDemoData|Any CPU.ActiveCfg = Create Demo Data|Any CPU
		{1DF134FF-5CFB-476F-B08F-975581A9F957}.CreateDemoData|Any CPU.Build.0 = Create Demo Data|Any CPU
		{1DF134FF-5CFB-476F-B08F-975581A9F957}.CreateDemoData|iOS.ActiveCfg = Create Demo Data|Any CPU
		{1DF134FF-5CFB-476F-B08F-975581A9F957}.CreateDemoData|iOS.Build.0 = Create Demo Data|Any CPU
		{1DF134FF-5CFB-476F-B08F-975581A9F957}.CreateDemoData|Mixed Platforms.ActiveCfg = Create Demo Data|Any CPU
		{1DF134FF-5CFB-476F-B08F-975581A9F957}.CreateDemoData|Mixed Platforms.Build.0 = Create Demo Data|Any CPU
		{1DF134FF-5CFB-476F-B08F-975581A9F957}.CreateDemoData|Windows Phone (Universal).ActiveCfg = Create Demo Data|Any CPU
		{1DF134FF-5CFB-476F-B08F-975581A9F957}.CreateDemoData|Windows Phone (Universal).Build.0 = Create Demo Data|Any CPU
		{1DF134FF-5CFB-476F-B08F-975581A9F957}.CreateDemoData|Windows Phone 8.ActiveCfg = Create Demo Data|Any CPU
		{1DF134FF-5CFB-476F-B08F-975581A9F957}.CreateDemoData|Windows Phone 8.Build.0 = Create Demo Data|Any CPU
		{1DF134FF-5CFB-476F-B08F-975581A9F957}.CreateDemoData|Windows-AnyCPU.ActiveCfg = Create Demo Data|Any CPU
		{1DF134FF-5CFB-476F-B08F-975581A9F957}.CreateDemoData|Windows-AnyCPU.Build.0 = Create Demo Data|Any CPU
		{1DF134FF-5CFB-476F-B08F-975581A9F957}.CreateDemoData|Windows-ARM.ActiveCfg = Create Demo Data|Any CPU
		{1DF134FF-5CFB-476F-B08F-975581A9F957}.CreateDemoData|Windows-ARM.Build.0 = Create Demo Data|Any CPU
		{1DF134FF-5CFB-476F-B08F-975581A9F957}.CreateDemoData|Windows-x64.ActiveCfg = Create Demo Data|Any CPU
		{1DF134FF-5CFB-476F-B08F-975581A9F957}.CreateDemoData|Windows-x64.Build.0 = Create Demo Data|Any CPU
		{1DF134FF-5CFB-476F-B08F-975581A9F957}.CreateDemoData|Windows-x86.ActiveCfg = Create Demo Data|Any CPU
		{1DF134FF-5CFB-476F-B08F-975581A9F957}.CreateDemoData|Windows-x86.Build.0 = Create Demo Data|Any CPU
		{1DF134FF-5CFB-476F-B08F-975581A9F957}.Debug|Android.ActiveCfg = Debug|Any CPU
		{1DF134FF-5CFB-476F-B08F-975581A9F957}.Debug|Any CPU.ActiveCfg = Debug|Any CPU
		{1DF134FF-5CFB-476F-B08F-975581A9F957}.Debug|Any CPU.Build.0 = Debug|Any CPU
		{1DF134FF-5CFB-476F-B08F-975581A9F957}.Debug|iOS.ActiveCfg = Debug|Any CPU
		{1DF134FF-5CFB-476F-B08F-975581A9F957}.Debug|Mixed Platforms.ActiveCfg = Debug|Any CPU
		{1DF134FF-5CFB-476F-B08F-975581A9F957}.Debug|Mixed Platforms.Build.0 = Debug|Any CPU
		{1DF134FF-5CFB-476F-B08F-975581A9F957}.Debug|Windows Phone (Universal).ActiveCfg = Debug|Any CPU
		{1DF134FF-5CFB-476F-B08F-975581A9F957}.Debug|Windows Phone 8.ActiveCfg = Debug|Any CPU
		{1DF134FF-5CFB-476F-B08F-975581A9F957}.Debug|Windows-AnyCPU.ActiveCfg = Debug|Any CPU
		{1DF134FF-5CFB-476F-B08F-975581A9F957}.Debug|Windows-ARM.ActiveCfg = Debug|Any CPU
		{1DF134FF-5CFB-476F-B08F-975581A9F957}.Debug|Windows-x64.ActiveCfg = Debug|Any CPU
		{1DF134FF-5CFB-476F-B08F-975581A9F957}.Debug|Windows-x86.ActiveCfg = Debug|Any CPU
		{1DF134FF-5CFB-476F-B08F-975581A9F957}.QA|Android.ActiveCfg = QA|Any CPU
		{1DF134FF-5CFB-476F-B08F-975581A9F957}.QA|Android.Build.0 = QA|Any CPU
		{1DF134FF-5CFB-476F-B08F-975581A9F957}.QA|Any CPU.ActiveCfg = QA|Any CPU
		{1DF134FF-5CFB-476F-B08F-975581A9F957}.QA|iOS.ActiveCfg = QA|Any CPU
		{1DF134FF-5CFB-476F-B08F-975581A9F957}.QA|iOS.Build.0 = QA|Any CPU
		{1DF134FF-5CFB-476F-B08F-975581A9F957}.QA|Mixed Platforms.ActiveCfg = QA|Any CPU
		{1DF134FF-5CFB-476F-B08F-975581A9F957}.QA|Mixed Platforms.Build.0 = QA|Any CPU
		{1DF134FF-5CFB-476F-B08F-975581A9F957}.QA|Windows Phone (Universal).ActiveCfg = QA|Any CPU
		{1DF134FF-5CFB-476F-B08F-975581A9F957}.QA|Windows Phone (Universal).Build.0 = QA|Any CPU
		{1DF134FF-5CFB-476F-B08F-975581A9F957}.QA|Windows Phone 8.ActiveCfg = QA|Any CPU
		{1DF134FF-5CFB-476F-B08F-975581A9F957}.QA|Windows Phone 8.Build.0 = QA|Any CPU
		{1DF134FF-5CFB-476F-B08F-975581A9F957}.QA|Windows-AnyCPU.ActiveCfg = QA|Any CPU
		{1DF134FF-5CFB-476F-B08F-975581A9F957}.QA|Windows-AnyCPU.Build.0 = QA|Any CPU
		{1DF134FF-5CFB-476F-B08F-975581A9F957}.QA|Windows-ARM.ActiveCfg = QA|Any CPU
		{1DF134FF-5CFB-476F-B08F-975581A9F957}.QA|Windows-ARM.Build.0 = QA|Any CPU
		{1DF134FF-5CFB-476F-B08F-975581A9F957}.QA|Windows-x64.ActiveCfg = QA|Any CPU
		{1DF134FF-5CFB-476F-B08F-975581A9F957}.QA|Windows-x64.Build.0 = QA|Any CPU
		{1DF134FF-5CFB-476F-B08F-975581A9F957}.QA|Windows-x86.ActiveCfg = QA|Any CPU
		{1DF134FF-5CFB-476F-B08F-975581A9F957}.QA|Windows-x86.Build.0 = QA|Any CPU
		{1DF134FF-5CFB-476F-B08F-975581A9F957}.Release|Android.ActiveCfg = Release|Any CPU
		{1DF134FF-5CFB-476F-B08F-975581A9F957}.Release|Any CPU.ActiveCfg = Release|Any CPU
		{1DF134FF-5CFB-476F-B08F-975581A9F957}.Release|Any CPU.Build.0 = Release|Any CPU
		{1DF134FF-5CFB-476F-B08F-975581A9F957}.Release|iOS.ActiveCfg = Release|Any CPU
		{1DF134FF-5CFB-476F-B08F-975581A9F957}.Release|Mixed Platforms.ActiveCfg = Release|Any CPU
		{1DF134FF-5CFB-476F-B08F-975581A9F957}.Release|Mixed Platforms.Build.0 = Release|Any CPU
		{1DF134FF-5CFB-476F-B08F-975581A9F957}.Release|Windows Phone (Universal).ActiveCfg = Release|Any CPU
		{1DF134FF-5CFB-476F-B08F-975581A9F957}.Release|Windows Phone 8.ActiveCfg = Release|Any CPU
		{1DF134FF-5CFB-476F-B08F-975581A9F957}.Release|Windows-AnyCPU.ActiveCfg = Release|Any CPU
		{1DF134FF-5CFB-476F-B08F-975581A9F957}.Release|Windows-ARM.ActiveCfg = Release|Any CPU
		{1DF134FF-5CFB-476F-B08F-975581A9F957}.Release|Windows-x64.ActiveCfg = Release|Any CPU
		{1DF134FF-5CFB-476F-B08F-975581A9F957}.Release|Windows-x86.ActiveCfg = Release|Any CPU
		{D4FEAE13-BCA9-4D17-A830-2614ABB4B0EA}.CreateDemoData|Android.ActiveCfg = Debug Rares|Any CPU
		{D4FEAE13-BCA9-4D17-A830-2614ABB4B0EA}.CreateDemoData|Android.Build.0 = Debug Rares|Any CPU
		{D4FEAE13-BCA9-4D17-A830-2614ABB4B0EA}.CreateDemoData|Any CPU.ActiveCfg = Debug Rares|Any CPU
		{D4FEAE13-BCA9-4D17-A830-2614ABB4B0EA}.CreateDemoData|Any CPU.Build.0 = Debug Rares|Any CPU
		{D4FEAE13-BCA9-4D17-A830-2614ABB4B0EA}.CreateDemoData|iOS.ActiveCfg = Debug Rares|Any CPU
		{D4FEAE13-BCA9-4D17-A830-2614ABB4B0EA}.CreateDemoData|iOS.Build.0 = Debug Rares|Any CPU
		{D4FEAE13-BCA9-4D17-A830-2614ABB4B0EA}.CreateDemoData|Mixed Platforms.ActiveCfg = Debug Rares|Any CPU
		{D4FEAE13-BCA9-4D17-A830-2614ABB4B0EA}.CreateDemoData|Mixed Platforms.Build.0 = Debug Rares|Any CPU
		{D4FEAE13-BCA9-4D17-A830-2614ABB4B0EA}.CreateDemoData|Windows Phone (Universal).ActiveCfg = Debug Rares|Any CPU
		{D4FEAE13-BCA9-4D17-A830-2614ABB4B0EA}.CreateDemoData|Windows Phone (Universal).Build.0 = Debug Rares|Any CPU
		{D4FEAE13-BCA9-4D17-A830-2614ABB4B0EA}.CreateDemoData|Windows Phone 8.ActiveCfg = Debug Rares|Any CPU
		{D4FEAE13-BCA9-4D17-A830-2614ABB4B0EA}.CreateDemoData|Windows Phone 8.Build.0 = Debug Rares|Any CPU
		{D4FEAE13-BCA9-4D17-A830-2614ABB4B0EA}.CreateDemoData|Windows-AnyCPU.ActiveCfg = Debug Rares|Any CPU
		{D4FEAE13-BCA9-4D17-A830-2614ABB4B0EA}.CreateDemoData|Windows-AnyCPU.Build.0 = Debug Rares|Any CPU
		{D4FEAE13-BCA9-4D17-A830-2614ABB4B0EA}.CreateDemoData|Windows-ARM.ActiveCfg = Debug Rares|Any CPU
		{D4FEAE13-BCA9-4D17-A830-2614ABB4B0EA}.CreateDemoData|Windows-ARM.Build.0 = Debug Rares|Any CPU
		{D4FEAE13-BCA9-4D17-A830-2614ABB4B0EA}.CreateDemoData|Windows-x64.ActiveCfg = Debug Rares|Any CPU
		{D4FEAE13-BCA9-4D17-A830-2614ABB4B0EA}.CreateDemoData|Windows-x64.Build.0 = Debug Rares|Any CPU
		{D4FEAE13-BCA9-4D17-A830-2614ABB4B0EA}.CreateDemoData|Windows-x86.ActiveCfg = Debug Rares|Any CPU
		{D4FEAE13-BCA9-4D17-A830-2614ABB4B0EA}.CreateDemoData|Windows-x86.Build.0 = Debug Rares|Any CPU
		{D4FEAE13-BCA9-4D17-A830-2614ABB4B0EA}.Debug|Android.ActiveCfg = Debug|Any CPU
		{D4FEAE13-BCA9-4D17-A830-2614ABB4B0EA}.Debug|Any CPU.ActiveCfg = Debug|Any CPU
		{D4FEAE13-BCA9-4D17-A830-2614ABB4B0EA}.Debug|Any CPU.Build.0 = Debug|Any CPU
		{D4FEAE13-BCA9-4D17-A830-2614ABB4B0EA}.Debug|iOS.ActiveCfg = Debug|Any CPU
		{D4FEAE13-BCA9-4D17-A830-2614ABB4B0EA}.Debug|Mixed Platforms.ActiveCfg = Debug|Any CPU
		{D4FEAE13-BCA9-4D17-A830-2614ABB4B0EA}.Debug|Mixed Platforms.Build.0 = Debug|Any CPU
		{D4FEAE13-BCA9-4D17-A830-2614ABB4B0EA}.Debug|Windows Phone (Universal).ActiveCfg = Debug|Any CPU
		{D4FEAE13-BCA9-4D17-A830-2614ABB4B0EA}.Debug|Windows Phone 8.ActiveCfg = Debug|Any CPU
		{D4FEAE13-BCA9-4D17-A830-2614ABB4B0EA}.Debug|Windows-AnyCPU.ActiveCfg = Debug|Any CPU
		{D4FEAE13-BCA9-4D17-A830-2614ABB4B0EA}.Debug|Windows-ARM.ActiveCfg = Debug|Any CPU
		{D4FEAE13-BCA9-4D17-A830-2614ABB4B0EA}.Debug|Windows-x64.ActiveCfg = Debug|Any CPU
		{D4FEAE13-BCA9-4D17-A830-2614ABB4B0EA}.Debug|Windows-x86.ActiveCfg = Debug|Any CPU
		{D4FEAE13-BCA9-4D17-A830-2614ABB4B0EA}.QA|Android.ActiveCfg = QA|Any CPU
		{D4FEAE13-BCA9-4D17-A830-2614ABB4B0EA}.QA|Android.Build.0 = QA|Any CPU
		{D4FEAE13-BCA9-4D17-A830-2614ABB4B0EA}.QA|Any CPU.ActiveCfg = QA|Any CPU
		{D4FEAE13-BCA9-4D17-A830-2614ABB4B0EA}.QA|iOS.ActiveCfg = QA|Any CPU
		{D4FEAE13-BCA9-4D17-A830-2614ABB4B0EA}.QA|iOS.Build.0 = QA|Any CPU
		{D4FEAE13-BCA9-4D17-A830-2614ABB4B0EA}.QA|Mixed Platforms.ActiveCfg = QA|Any CPU
		{D4FEAE13-BCA9-4D17-A830-2614ABB4B0EA}.QA|Mixed Platforms.Build.0 = QA|Any CPU
		{D4FEAE13-BCA9-4D17-A830-2614ABB4B0EA}.QA|Windows Phone (Universal).ActiveCfg = QA|Any CPU
		{D4FEAE13-BCA9-4D17-A830-2614ABB4B0EA}.QA|Windows Phone (Universal).Build.0 = QA|Any CPU
		{D4FEAE13-BCA9-4D17-A830-2614ABB4B0EA}.QA|Windows Phone 8.ActiveCfg = QA|Any CPU
		{D4FEAE13-BCA9-4D17-A830-2614ABB4B0EA}.QA|Windows Phone 8.Build.0 = QA|Any CPU
		{D4FEAE13-BCA9-4D17-A830-2614ABB4B0EA}.QA|Windows-AnyCPU.ActiveCfg = QA|Any CPU
		{D4FEAE13-BCA9-4D17-A830-2614ABB4B0EA}.QA|Windows-AnyCPU.Build.0 = QA|Any CPU
		{D4FEAE13-BCA9-4D17-A830-2614ABB4B0EA}.QA|Windows-ARM.ActiveCfg = QA|Any CPU
		{D4FEAE13-BCA9-4D17-A830-2614ABB4B0EA}.QA|Windows-ARM.Build.0 = QA|Any CPU
		{D4FEAE13-BCA9-4D17-A830-2614ABB4B0EA}.QA|Windows-x64.ActiveCfg = QA|Any CPU
		{D4FEAE13-BCA9-4D17-A830-2614ABB4B0EA}.QA|Windows-x64.Build.0 = QA|Any CPU
		{D4FEAE13-BCA9-4D17-A830-2614ABB4B0EA}.QA|Windows-x86.ActiveCfg = QA|Any CPU
		{D4FEAE13-BCA9-4D17-A830-2614ABB4B0EA}.QA|Windows-x86.Build.0 = QA|Any CPU
		{D4FEAE13-BCA9-4D17-A830-2614ABB4B0EA}.Release|Android.ActiveCfg = Release|Any CPU
		{D4FEAE13-BCA9-4D17-A830-2614ABB4B0EA}.Release|Any CPU.ActiveCfg = Release|Any CPU
		{D4FEAE13-BCA9-4D17-A830-2614ABB4B0EA}.Release|Any CPU.Build.0 = Release|Any CPU
		{D4FEAE13-BCA9-4D17-A830-2614ABB4B0EA}.Release|iOS.ActiveCfg = Release|Any CPU
		{D4FEAE13-BCA9-4D17-A830-2614ABB4B0EA}.Release|Mixed Platforms.ActiveCfg = Release|Any CPU
		{D4FEAE13-BCA9-4D17-A830-2614ABB4B0EA}.Release|Mixed Platforms.Build.0 = Release|Any CPU
		{D4FEAE13-BCA9-4D17-A830-2614ABB4B0EA}.Release|Windows Phone (Universal).ActiveCfg = Release|Any CPU
		{D4FEAE13-BCA9-4D17-A830-2614ABB4B0EA}.Release|Windows Phone 8.ActiveCfg = Release|Any CPU
		{D4FEAE13-BCA9-4D17-A830-2614ABB4B0EA}.Release|Windows-AnyCPU.ActiveCfg = Release|Any CPU
		{D4FEAE13-BCA9-4D17-A830-2614ABB4B0EA}.Release|Windows-ARM.ActiveCfg = Release|Any CPU
		{D4FEAE13-BCA9-4D17-A830-2614ABB4B0EA}.Release|Windows-x64.ActiveCfg = Release|Any CPU
		{D4FEAE13-BCA9-4D17-A830-2614ABB4B0EA}.Release|Windows-x86.ActiveCfg = Release|Any CPU
	EndGlobalSection
	GlobalSection(SolutionProperties) = preSolution
		HideSolutionNode = FALSE
	EndGlobalSection
	GlobalSection(NestedProjects) = preSolution
		{269ED809-F99E-4275-832D-1A762EB95BE0} = {201422EC-50B8-4164-8E8D-B4CD9C3C2A9D}
		{2581EB93-2667-4968-A5D9-33F6777859F4} = {C9ED3A0B-4CBB-4783-9E06-6B877EC13DEF}
		{A96C8403-112C-4B72-9D01-9F1390318AA9} = {C9ED3A0B-4CBB-4783-9E06-6B877EC13DEF}
		{D8A9640D-317E-4085-BAF3-EF2D0D4635A8} = {D200FE98-4E5B-4C7C-89CC-08E4E32F91B3}
		{1DF134FF-5CFB-476F-B08F-975581A9F957} = {C9ED3A0B-4CBB-4783-9E06-6B877EC13DEF}
		{D4FEAE13-BCA9-4D17-A830-2614ABB4B0EA} = {A2B4EAE5-51E7-4AE8-98E7-56CF4CE8FC17}
	EndGlobalSection
	GlobalSection(ExtensibilityGlobals) = postSolution
		EnterpriseLibraryConfigurationToolBinariesPathV6 = packages\EnterpriseLibrary.TransientFaultHandling.6.0.1304.0\lib\portable-net45+win+wp8;packages\EnterpriseLibrary.TransientFaultHandling.Data.6.0.1304.1\lib\NET45
	EndGlobalSection
EndGlobal
